
Microsoft Visual Studio Solution File, Format Version 12.00
# Visual Studio 14
VisualStudioVersion = 14.0.25420.1
MinimumVisualStudioVersion = 10.0.40219.1
Project("{2150E333-8FDC-42A3-9474-1A3956D46DE8}") = "src", "src", "{A7C2C2A6-F8CB-4034-8DE7-FCE8FB9AE5C3}"
EndProject
Project("{2150E333-8FDC-42A3-9474-1A3956D46DE8}") = "Solution Items", "Solution Items", "{B26F612F-7419-4E5D-B1F5-1C86C230155A}"
	ProjectSection(SolutionItems) = preProject
		global.json = global.json
	EndProjectSection
EndProject
Project("{8BB2217D-0F2D-49D1-97BC-3654ED321F3B}") = "ConsignedComputers.Web", "src\ConsignedComputers.Web\ConsignedComputers.Web.xproj", "{E6593793-E09B-44FA-83C3-D298D3AEDD26}"
EndProject
Project("{8BB2217D-0F2D-49D1-97BC-3654ED321F3B}") = "ConsignedComputers.Inventory", "src\ConsignedComputers.Inventory\ConsignedComputers.Inventory.xproj", "{B29A69E0-2C70-411C-95C5-D43DCA1D68A5}"
EndProject
Project("{8BB2217D-0F2D-49D1-97BC-3654ED321F3B}") = "ConsignedComputers.Accounting", "src\ConsignedComputers.Accounting\ConsignedComputers.Accounting.xproj", "{673E1067-A083-4F07-9D82-328F88E53337}"
EndProject
Project("{8BB2217D-0F2D-49D1-97BC-3654ED321F3B}") = "ConsignedComputers.Core", "src\ConsignedComputers.Core\ConsignedComputers.Core.xproj", "{883026D7-B180-4C12-976D-6A99A1F92E20}"
EndProject
Global
	GlobalSection(SolutionConfigurationPlatforms) = preSolution
		Debug|Any CPU = Debug|Any CPU
		Release|Any CPU = Release|Any CPU
	EndGlobalSection
	GlobalSection(ProjectConfigurationPlatforms) = postSolution
		{E6593793-E09B-44FA-83C3-D298D3AEDD26}.Debug|Any CPU.ActiveCfg = Debug|Any CPU
		{E6593793-E09B-44FA-83C3-D298D3AEDD26}.Debug|Any CPU.Build.0 = Debug|Any CPU
		{E6593793-E09B-44FA-83C3-D298D3AEDD26}.Release|Any CPU.ActiveCfg = Release|Any CPU
		{E6593793-E09B-44FA-83C3-D298D3AEDD26}.Release|Any CPU.Build.0 = Release|Any CPU
		{B29A69E0-2C70-411C-95C5-D43DCA1D68A5}.Debug|Any CPU.ActiveCfg = Debug|Any CPU
		{B29A69E0-2C70-411C-95C5-D43DCA1D68A5}.Debug|Any CPU.Build.0 = Debug|Any CPU
		{B29A69E0-2C70-411C-95C5-D43DCA1D68A5}.Release|Any CPU.ActiveCfg = Release|Any CPU
		{B29A69E0-2C70-411C-95C5-D43DCA1D68A5}.Release|Any CPU.Build.0 = Release|Any CPU
		{673E1067-A083-4F07-9D82-328F88E53337}.Debug|Any CPU.ActiveCfg = Debug|Any CPU
		{673E1067-A083-4F07-9D82-328F88E53337}.Debug|Any CPU.Build.0 = Debug|Any CPU
		{673E1067-A083-4F07-9D82-328F88E53337}.Release|Any CPU.ActiveCfg = Release|Any CPU
		{673E1067-A083-4F07-9D82-328F88E53337}.Release|Any CPU.Build.0 = Release|Any CPU
		{883026D7-B180-4C12-976D-6A99A1F92E20}.Debug|Any CPU.ActiveCfg = Debug|Any CPU
		{883026D7-B180-4C12-976D-6A99A1F92E20}.Debug|Any CPU.Build.0 = Debug|Any CPU
		{883026D7-B180-4C12-976D-6A99A1F92E20}.Release|Any CPU.ActiveCfg = Release|Any CPU
		{883026D7-B180-4C12-976D-6A99A1F92E20}.Release|Any CPU.Build.0 = Release|Any CPU
	EndGlobalSection
	GlobalSection(SolutionProperties) = preSolution
		HideSolutionNode = FALSE
	EndGlobalSection
	GlobalSection(NestedProjects) = preSolution
		{E6593793-E09B-44FA-83C3-D298D3AEDD26} = {A7C2C2A6-F8CB-4034-8DE7-FCE8FB9AE5C3}
		{B29A69E0-2C70-411C-95C5-D43DCA1D68A5} = {A7C2C2A6-F8CB-4034-8DE7-FCE8FB9AE5C3}
		{673E1067-A083-4F07-9D82-328F88E53337} = {A7C2C2A6-F8CB-4034-8DE7-FCE8FB9AE5C3}
		{883026D7-B180-4C12-976D-6A99A1F92E20} = {A7C2C2A6-F8CB-4034-8DE7-FCE8FB9AE5C3}
	EndGlobalSection
EndGlobal
